
Microsoft Visual Studio Solution File, Format Version 12.00
# Visual Studio Version 17
VisualStudioVersion = 17.8.34511.84
MinimumVisualStudioVersion = 10.0.40219.1
Project("{FAE04EC0-301F-11D3-BF4B-00C04F79EFBC}") = "RPG.Core", "RPG.Core\RPG.Core.csproj", "{7846E732-420B-4F43-BDB6-0E13E9DCA668}"
EndProject
Project("{FAE04EC0-301F-11D3-BF4B-00C04F79EFBC}") = "RPG.Data.Models", "RPG.Data.Models\RPG.Data.Models.csproj", "{BBD1FE40-AA81-4742-A0E0-1D075FFB79A8}"
EndProject
Project("{FAE04EC0-301F-11D3-BF4B-00C04F79EFBC}") = "RPG.Data", "RPG.Data\RPG.Data.csproj", "{38E45711-750B-4759-8DE1-90AEEE99B317}"
EndProject
Project("{FAE04EC0-301F-11D3-BF4B-00C04F79EFBC}") = "RPG.Common", "RPG.Common\RPG.Common.csproj", "{27C0D22B-8731-4FEB-B700-2F9E8F27EBCF}"
EndProject
Project("{FAE04EC0-301F-11D3-BF4B-00C04F79EFBC}") = "RPG.GameModels", "RPG.GameModels\RPG.GameModels.csproj", "{530E9456-0E05-408E-B48C-F2BF2AB04C14}"
EndProject
Global
	GlobalSection(SolutionConfigurationPlatforms) = preSolution
		Debug|Any CPU = Debug|Any CPU
		Release|Any CPU = Release|Any CPU
	EndGlobalSection
	GlobalSection(ProjectConfigurationPlatforms) = postSolution
		{7846E732-420B-4F43-BDB6-0E13E9DCA668}.Debug|Any CPU.ActiveCfg = Debug|Any CPU
		{7846E732-420B-4F43-BDB6-0E13E9DCA668}.Debug|Any CPU.Build.0 = Debug|Any CPU
		{7846E732-420B-4F43-BDB6-0E13E9DCA668}.Release|Any CPU.ActiveCfg = Release|Any CPU
		{7846E732-420B-4F43-BDB6-0E13E9DCA668}.Release|Any CPU.Build.0 = Release|Any CPU
		{BBD1FE40-AA81-4742-A0E0-1D075FFB79A8}.Debug|Any CPU.ActiveCfg = Debug|Any CPU
		{BBD1FE40-AA81-4742-A0E0-1D075FFB79A8}.Debug|Any CPU.Build.0 = Debug|Any CPU
		{BBD1FE40-AA81-4742-A0E0-1D075FFB79A8}.Release|Any CPU.ActiveCfg = Release|Any CPU
		{BBD1FE40-AA81-4742-A0E0-1D075FFB79A8}.Release|Any CPU.Build.0 = Release|Any CPU
		{38E45711-750B-4759-8DE1-90AEEE99B317}.Debug|Any CPU.ActiveCfg = Debug|Any CPU
		{38E45711-750B-4759-8DE1-90AEEE99B317}.Debug|Any CPU.Build.0 = Debug|Any CPU
		{38E45711-750B-4759-8DE1-90AEEE99B317}.Release|Any CPU.ActiveCfg = Release|Any CPU
		{38E45711-750B-4759-8DE1-90AEEE99B317}.Release|Any CPU.Build.0 = Release|Any CPU
		{27C0D22B-8731-4FEB-B700-2F9E8F27EBCF}.Debug|Any CPU.ActiveCfg = Debug|Any CPU
		{27C0D22B-8731-4FEB-B700-2F9E8F27EBCF}.Debug|Any CPU.Build.0 = Debug|Any CPU
		{27C0D22B-8731-4FEB-B700-2F9E8F27EBCF}.Release|Any CPU.ActiveCfg = Release|Any CPU
		{27C0D22B-8731-4FEB-B700-2F9E8F27EBCF}.Release|Any CPU.Build.0 = Release|Any CPU
		{530E9456-0E05-408E-B48C-F2BF2AB04C14}.Debug|Any CPU.ActiveCfg = Debug|Any CPU
		{530E9456-0E05-408E-B48C-F2BF2AB04C14}.Debug|Any CPU.Build.0 = Debug|Any CPU
		{530E9456-0E05-408E-B48C-F2BF2AB04C14}.Release|Any CPU.ActiveCfg = Release|Any CPU
		{530E9456-0E05-408E-B48C-F2BF2AB04C14}.Release|Any CPU.Build.0 = Release|Any CPU
	EndGlobalSection
	GlobalSection(SolutionProperties) = preSolution
		HideSolutionNode = FALSE
	EndGlobalSection
	GlobalSection(ExtensibilityGlobals) = postSolution
		SolutionGuid = {E160741C-ABEF-41DC-AF24-1D63C71503E0}
	EndGlobalSection
EndGlobal
